
Microsoft Visual Studio Solution File, Format Version 12.00
# Visual Studio Version 16
VisualStudioVersion = 16.0.31515.178
MinimumVisualStudioVersion = 10.0.40219.1
Project("{2150E333-8FDC-42A3-9474-1A3956D46DE8}") = "src", "src", "{5A298563-4582-4290-A399-D71070248524}"
EndProject
Project("{2150E333-8FDC-42A3-9474-1A3956D46DE8}") = "tests", "tests", "{794E85B6-6848-4026-AF46-1C41181F548A}"
EndProject
Project("{FAE04EC0-301F-11D3-BF4B-00C04F79EFBC}") = "Enumerations", "src\Enumerations\Enumerations.csproj", "{48C95777-A028-47E1-9635-2B5E228B0CE8}"
EndProject
Global
	GlobalSection(SolutionConfigurationPlatforms) = preSolution
		Debug|Any CPU = Debug|Any CPU
		Release|Any CPU = Release|Any CPU
	EndGlobalSection
	GlobalSection(ProjectConfigurationPlatforms) = postSolution
		{48C95777-A028-47E1-9635-2B5E228B0CE8}.Debug|Any CPU.ActiveCfg = Debug|Any CPU
		{48C95777-A028-47E1-9635-2B5E228B0CE8}.Debug|Any CPU.Build.0 = Debug|Any CPU
		{48C95777-A028-47E1-9635-2B5E228B0CE8}.Release|Any CPU.ActiveCfg = Release|Any CPU
		{48C95777-A028-47E1-9635-2B5E228B0CE8}.Release|Any CPU.Build.0 = Release|Any CPU
	EndGlobalSection
	GlobalSection(SolutionProperties) = preSolution
		HideSolutionNode = FALSE
	EndGlobalSection
	GlobalSection(NestedProjects) = preSolution
		{48C95777-A028-47E1-9635-2B5E228B0CE8} = {5A298563-4582-4290-A399-D71070248524}
	EndGlobalSection
	GlobalSection(ExtensibilityGlobals) = postSolution
		SolutionGuid = {A2056306-9106-4065-9099-9B2C315F3D3A}
	EndGlobalSection
EndGlobal
